// !$*UTF8*$!
{
	archiveVersion = 1;
	classes = {
	};
	objectVersion = 50;
	objects = {

/* Begin PBXBuildFile section */
		693D01842262BC8100F410FB /* JHAppIcon.swift in Sources */ = {isa = PBXBuildFile; fileRef = 693D01832262BC8100F410FB /* JHAppIcon.swift */; };
		6959A5362262C1690052A498 /* JHSettingBoolCell.swift in Sources */ = {isa = PBXBuildFile; fileRef = 6959A5262262C1690052A498 /* JHSettingBoolCell.swift */; };
		6959A5372262C1690052A498 /* JHExpandableHeaderCell.swift in Sources */ = {isa = PBXBuildFile; fileRef = 6959A5272262C1690052A498 /* JHExpandableHeaderCell.swift */; };
		6959A5382262C1690052A498 /* JHParagraphCell.swift in Sources */ = {isa = PBXBuildFile; fileRef = 6959A5282262C1690052A498 /* JHParagraphCell.swift */; };
		6959A5392262C1690052A498 /* JHLinkCell.swift in Sources */ = {isa = PBXBuildFile; fileRef = 6959A5292262C1690052A498 /* JHLinkCell.swift */; };
		6959A53A2262C1690052A498 /* JHActionCell.swift in Sources */ = {isa = PBXBuildFile; fileRef = 6959A52A2262C1690052A498 /* JHActionCell.swift */; };
		6959A53B2262C1690052A498 /* JHSeperatorCell.swift in Sources */ = {isa = PBXBuildFile; fileRef = 6959A52B2262C1690052A498 /* JHSeperatorCell.swift */; };
		6959A53C2262C1690052A498 /* JHInformationDisplayCell.swift in Sources */ = {isa = PBXBuildFile; fileRef = 6959A52C2262C1690052A498 /* JHInformationDisplayCell.swift */; };
		6959A53D2262C1690052A498 /* JHExpandableSubCell.swift in Sources */ = {isa = PBXBuildFile; fileRef = 6959A52D2262C1690052A498 /* JHExpandableSubCell.swift */; };
		6959A53E2262C1690052A498 /* JHSmallImageCell.swift in Sources */ = {isa = PBXBuildFile; fileRef = 6959A52E2262C1690052A498 /* JHSmallImageCell.swift */; };
		6959A53F2262C1690052A498 /* JHStatisticsCollectionCell.swift in Sources */ = {isa = PBXBuildFile; fileRef = 6959A52F2262C1690052A498 /* JHStatisticsCollectionCell.swift */; };
		6959A5402262C1690052A498 /* JHExapandableInformationDisplayCell.swift in Sources */ = {isa = PBXBuildFile; fileRef = 6959A5302262C1690052A498 /* JHExapandableInformationDisplayCell.swift */; };
		6959A5412262C1690052A498 /* JHHeaderSubHeaderCell.swift in Sources */ = {isa = PBXBuildFile; fileRef = 6959A5312262C1690052A498 /* JHHeaderSubHeaderCell.swift */; };
		6959A5422262C1690052A498 /* JHLargeIconCell.swift in Sources */ = {isa = PBXBuildFile; fileRef = 6959A5322262C1690052A498 /* JHLargeIconCell.swift */; };
		6959A5432262C1690052A498 /* JHSaveElipsisButtonCell.swift in Sources */ = {isa = PBXBuildFile; fileRef = 6959A5332262C1690052A498 /* JHSaveElipsisButtonCell.swift */; };
		6959A5442262C1690052A498 /* JHSpacerCell.swift in Sources */ = {isa = PBXBuildFile; fileRef = 6959A5342262C1690052A498 /* JHSpacerCell.swift */; };
		6959A5452262C1690052A498 /* JHTitleCell.swift in Sources */ = {isa = PBXBuildFile; fileRef = 6959A5352262C1690052A498 /* JHTitleCell.swift */; };
		69D228BA2262D54800070D86 /* JHEllipseButton.swift in Sources */ = {isa = PBXBuildFile; fileRef = 69D228B82262D54800070D86 /* JHEllipseButton.swift */; };
		69D228BB2262D54800070D86 /* JHAppStoreButton.swift in Sources */ = {isa = PBXBuildFile; fileRef = 69D228B92262D54800070D86 /* JHAppStoreButton.swift */; };
		69D228BD2262D55100070D86 /* JHSegueFromLeft.swift in Sources */ = {isa = PBXBuildFile; fileRef = 69D228BC2262D55100070D86 /* JHSegueFromLeft.swift */; };
		69D228C02262D56400070D86 /* JHAppStoreDescriptionLabel.swift in Sources */ = {isa = PBXBuildFile; fileRef = 69D228BE2262D56400070D86 /* JHAppStoreDescriptionLabel.swift */; };
		69D228C12262D56400070D86 /* JHStatDisplayLabel.swift in Sources */ = {isa = PBXBuildFile; fileRef = 69D228BF2262D56400070D86 /* JHStatDisplayLabel.swift */; };
		69D228C62262D75800070D86 /* UIColorExtension.swift in Sources */ = {isa = PBXBuildFile; fileRef = 69D228C52262D75800070D86 /* UIColorExtension.swift */; };
		69D228C92262D83700070D86 /* NSMutableAttributedStringExtension.swift in Sources */ = {isa = PBXBuildFile; fileRef = 69D228C72262D83700070D86 /* NSMutableAttributedStringExtension.swift */; };
		69D228CA2262D83700070D86 /* StringExtension.swift in Sources */ = {isa = PBXBuildFile; fileRef = 69D228C82262D83700070D86 /* StringExtension.swift */; };
		69D228CD2262D8EA00070D86 /* JHBackgroundType.swift in Sources */ = {isa = PBXBuildFile; fileRef = 69D228CC2262D8EA00070D86 /* JHBackgroundType.swift */; };
		69F7AA732262DD43001048E2 /* JHSubtitleDetailCell.swift in Sources */ = {isa = PBXBuildFile; fileRef = 69F7AA712262DD43001048E2 /* JHSubtitleDetailCell.swift */; };
		69F949032262C2300042F2E5 /* JHTableViewCellConstants.swift in Sources */ = {isa = PBXBuildFile; fileRef = 69F949022262C2300042F2E5 /* JHTableViewCellConstants.swift */; };
		69FF26AF22628D30003D68AC /* JHTools.framework in Frameworks */ = {isa = PBXBuildFile; fileRef = 69FF26A522628D30003D68AC /* JHTools.framework */; };
		69FF26B422628D30003D68AC /* JHToolsTests.swift in Sources */ = {isa = PBXBuildFile; fileRef = 69FF26B322628D30003D68AC /* JHToolsTests.swift */; };
		69FF26B622628D30003D68AC /* JHTools.h in Headers */ = {isa = PBXBuildFile; fileRef = 69FF26A822628D30003D68AC /* JHTools.h */; settings = {ATTRIBUTES = (Public, ); }; };
/* End PBXBuildFile section */

/* Begin PBXContainerItemProxy section */
		69FF26B022628D30003D68AC /* PBXContainerItemProxy */ = {
			isa = PBXContainerItemProxy;
			containerPortal = 69FF269C22628D30003D68AC /* Project object */;
			proxyType = 1;
			remoteGlobalIDString = 69FF26A422628D30003D68AC;
			remoteInfo = JHTools;
		};
/* End PBXContainerItemProxy section */

/* Begin PBXFileReference section */
		693D01832262BC8100F410FB /* JHAppIcon.swift */ = {isa = PBXFileReference; fileEncoding = 4; lastKnownFileType = sourcecode.swift; path = JHAppIcon.swift; sourceTree = "<group>"; };
		6959A5262262C1690052A498 /* JHSettingBoolCell.swift */ = {isa = PBXFileReference; fileEncoding = 4; lastKnownFileType = sourcecode.swift; path = JHSettingBoolCell.swift; sourceTree = "<group>"; };
		6959A5272262C1690052A498 /* JHExpandableHeaderCell.swift */ = {isa = PBXFileReference; fileEncoding = 4; lastKnownFileType = sourcecode.swift; path = JHExpandableHeaderCell.swift; sourceTree = "<group>"; };
		6959A5282262C1690052A498 /* JHParagraphCell.swift */ = {isa = PBXFileReference; fileEncoding = 4; lastKnownFileType = sourcecode.swift; path = JHParagraphCell.swift; sourceTree = "<group>"; };
		6959A5292262C1690052A498 /* JHLinkCell.swift */ = {isa = PBXFileReference; fileEncoding = 4; lastKnownFileType = sourcecode.swift; path = JHLinkCell.swift; sourceTree = "<group>"; };
		6959A52A2262C1690052A498 /* JHActionCell.swift */ = {isa = PBXFileReference; fileEncoding = 4; lastKnownFileType = sourcecode.swift; path = JHActionCell.swift; sourceTree = "<group>"; };
		6959A52B2262C1690052A498 /* JHSeperatorCell.swift */ = {isa = PBXFileReference; fileEncoding = 4; lastKnownFileType = sourcecode.swift; path = JHSeperatorCell.swift; sourceTree = "<group>"; };
		6959A52C2262C1690052A498 /* JHInformationDisplayCell.swift */ = {isa = PBXFileReference; fileEncoding = 4; lastKnownFileType = sourcecode.swift; path = JHInformationDisplayCell.swift; sourceTree = "<group>"; };
		6959A52D2262C1690052A498 /* JHExpandableSubCell.swift */ = {isa = PBXFileReference; fileEncoding = 4; lastKnownFileType = sourcecode.swift; path = JHExpandableSubCell.swift; sourceTree = "<group>"; };
		6959A52E2262C1690052A498 /* JHSmallImageCell.swift */ = {isa = PBXFileReference; fileEncoding = 4; lastKnownFileType = sourcecode.swift; path = JHSmallImageCell.swift; sourceTree = "<group>"; };
		6959A52F2262C1690052A498 /* JHStatisticsCollectionCell.swift */ = {isa = PBXFileReference; fileEncoding = 4; lastKnownFileType = sourcecode.swift; path = JHStatisticsCollectionCell.swift; sourceTree = "<group>"; };
		6959A5302262C1690052A498 /* JHExapandableInformationDisplayCell.swift */ = {isa = PBXFileReference; fileEncoding = 4; lastKnownFileType = sourcecode.swift; path = JHExapandableInformationDisplayCell.swift; sourceTree = "<group>"; };
		6959A5312262C1690052A498 /* JHHeaderSubHeaderCell.swift */ = {isa = PBXFileReference; fileEncoding = 4; lastKnownFileType = sourcecode.swift; path = JHHeaderSubHeaderCell.swift; sourceTree = "<group>"; };
		6959A5322262C1690052A498 /* JHLargeIconCell.swift */ = {isa = PBXFileReference; fileEncoding = 4; lastKnownFileType = sourcecode.swift; path = JHLargeIconCell.swift; sourceTree = "<group>"; };
		6959A5332262C1690052A498 /* JHSaveElipsisButtonCell.swift */ = {isa = PBXFileReference; fileEncoding = 4; lastKnownFileType = sourcecode.swift; path = JHSaveElipsisButtonCell.swift; sourceTree = "<group>"; };
		6959A5342262C1690052A498 /* JHSpacerCell.swift */ = {isa = PBXFileReference; fileEncoding = 4; lastKnownFileType = sourcecode.swift; path = JHSpacerCell.swift; sourceTree = "<group>"; };
		6959A5352262C1690052A498 /* JHTitleCell.swift */ = {isa = PBXFileReference; fileEncoding = 4; lastKnownFileType = sourcecode.swift; path = JHTitleCell.swift; sourceTree = "<group>"; };
		69D228B82262D54800070D86 /* JHEllipseButton.swift */ = {isa = PBXFileReference; fileEncoding = 4; lastKnownFileType = sourcecode.swift; path = JHEllipseButton.swift; sourceTree = "<group>"; };
		69D228B92262D54800070D86 /* JHAppStoreButton.swift */ = {isa = PBXFileReference; fileEncoding = 4; lastKnownFileType = sourcecode.swift; path = JHAppStoreButton.swift; sourceTree = "<group>"; };
		69D228BC2262D55100070D86 /* JHSegueFromLeft.swift */ = {isa = PBXFileReference; fileEncoding = 4; lastKnownFileType = sourcecode.swift; path = JHSegueFromLeft.swift; sourceTree = "<group>"; };
		69D228BE2262D56400070D86 /* JHAppStoreDescriptionLabel.swift */ = {isa = PBXFileReference; fileEncoding = 4; lastKnownFileType = sourcecode.swift; path = JHAppStoreDescriptionLabel.swift; sourceTree = "<group>"; };
		69D228BF2262D56400070D86 /* JHStatDisplayLabel.swift */ = {isa = PBXFileReference; fileEncoding = 4; lastKnownFileType = sourcecode.swift; path = JHStatDisplayLabel.swift; sourceTree = "<group>"; };
		69D228C52262D75800070D86 /* UIColorExtension.swift */ = {isa = PBXFileReference; lastKnownFileType = sourcecode.swift; path = UIColorExtension.swift; sourceTree = "<group>"; };
		69D228C72262D83700070D86 /* NSMutableAttributedStringExtension.swift */ = {isa = PBXFileReference; fileEncoding = 4; lastKnownFileType = sourcecode.swift; path = NSMutableAttributedStringExtension.swift; sourceTree = "<group>"; };
		69D228C82262D83700070D86 /* StringExtension.swift */ = {isa = PBXFileReference; fileEncoding = 4; lastKnownFileType = sourcecode.swift; path = StringExtension.swift; sourceTree = "<group>"; };
		69D228CC2262D8EA00070D86 /* JHBackgroundType.swift */ = {isa = PBXFileReference; fileEncoding = 4; lastKnownFileType = sourcecode.swift; path = JHBackgroundType.swift; sourceTree = "<group>"; };
		69F7AA712262DD43001048E2 /* JHSubtitleDetailCell.swift */ = {isa = PBXFileReference; fileEncoding = 4; lastKnownFileType = sourcecode.swift; path = JHSubtitleDetailCell.swift; sourceTree = "<group>"; };
		69F949022262C2300042F2E5 /* JHTableViewCellConstants.swift */ = {isa = PBXFileReference; lastKnownFileType = sourcecode.swift; path = JHTableViewCellConstants.swift; sourceTree = "<group>"; };
		69FF26A522628D30003D68AC /* JHTools.framework */ = {isa = PBXFileReference; explicitFileType = wrapper.framework; includeInIndex = 0; path = JHTools.framework; sourceTree = BUILT_PRODUCTS_DIR; };
		69FF26A822628D30003D68AC /* JHTools.h */ = {isa = PBXFileReference; lastKnownFileType = sourcecode.c.h; path = JHTools.h; sourceTree = "<group>"; };
		69FF26A922628D30003D68AC /* Info.plist */ = {isa = PBXFileReference; lastKnownFileType = text.plist.xml; path = Info.plist; sourceTree = "<group>"; };
		69FF26AE22628D30003D68AC /* JHToolsTests.xctest */ = {isa = PBXFileReference; explicitFileType = wrapper.cfbundle; includeInIndex = 0; path = JHToolsTests.xctest; sourceTree = BUILT_PRODUCTS_DIR; };
		69FF26B322628D30003D68AC /* JHToolsTests.swift */ = {isa = PBXFileReference; lastKnownFileType = sourcecode.swift; path = JHToolsTests.swift; sourceTree = "<group>"; };
		69FF26B522628D30003D68AC /* Info.plist */ = {isa = PBXFileReference; lastKnownFileType = text.plist.xml; path = Info.plist; sourceTree = "<group>"; };
/* End PBXFileReference section */

/* Begin PBXFrameworksBuildPhase section */
		69FF26A222628D30003D68AC /* Frameworks */ = {
			isa = PBXFrameworksBuildPhase;
			buildActionMask = 2147483647;
			files = (
			);
			runOnlyForDeploymentPostprocessing = 0;
		};
		69FF26AB22628D30003D68AC /* Frameworks */ = {
			isa = PBXFrameworksBuildPhase;
			buildActionMask = 2147483647;
			files = (
				69FF26AF22628D30003D68AC /* JHTools.framework in Frameworks */,
			);
			runOnlyForDeploymentPostprocessing = 0;
		};
/* End PBXFrameworksBuildPhase section */

/* Begin PBXGroup section */
		693D01802262BC4F00F410FB /* Structs */ = {
			isa = PBXGroup;
			children = (
				693D01832262BC8100F410FB /* JHAppIcon.swift */,
			);
			path = Structs;
			sourceTree = "<group>";
		};
		6959A5252262C13E0052A498 /* TableViewCells */ = {
			isa = PBXGroup;
			children = (
				69F7AA712262DD43001048E2 /* JHSubtitleDetailCell.swift */,
				69F949022262C2300042F2E5 /* JHTableViewCellConstants.swift */,
				6959A52A2262C1690052A498 /* JHActionCell.swift */,
				6959A5302262C1690052A498 /* JHExapandableInformationDisplayCell.swift */,
				6959A5272262C1690052A498 /* JHExpandableHeaderCell.swift */,
				6959A52D2262C1690052A498 /* JHExpandableSubCell.swift */,
				6959A5312262C1690052A498 /* JHHeaderSubHeaderCell.swift */,
				6959A52C2262C1690052A498 /* JHInformationDisplayCell.swift */,
				6959A5322262C1690052A498 /* JHLargeIconCell.swift */,
				6959A5292262C1690052A498 /* JHLinkCell.swift */,
				6959A5282262C1690052A498 /* JHParagraphCell.swift */,
				6959A5332262C1690052A498 /* JHSaveElipsisButtonCell.swift */,
				6959A52B2262C1690052A498 /* JHSeperatorCell.swift */,
				6959A5262262C1690052A498 /* JHSettingBoolCell.swift */,
				6959A52E2262C1690052A498 /* JHSmallImageCell.swift */,
				6959A5342262C1690052A498 /* JHSpacerCell.swift */,
				6959A52F2262C1690052A498 /* JHStatisticsCollectionCell.swift */,
				6959A5352262C1690052A498 /* JHTitleCell.swift */,
			);
			path = TableViewCells;
			sourceTree = "<group>";
		};
		69D228C42262D73300070D86 /* Extensions */ = {
			isa = PBXGroup;
			children = (
				69D228C52262D75800070D86 /* UIColorExtension.swift */,
				69D228C72262D83700070D86 /* NSMutableAttributedStringExtension.swift */,
				69D228C82262D83700070D86 /* StringExtension.swift */,
			);
			path = Extensions;
			sourceTree = "<group>";
		};
		69D228CB2262D8DB00070D86 /* Enums */ = {
			isa = PBXGroup;
			children = (
				69D228CC2262D8EA00070D86 /* JHBackgroundType.swift */,
			);
			path = Enums;
			sourceTree = "<group>";
		};
		69F949062262C5490042F2E5 /* Labels */ = {
			isa = PBXGroup;
			children = (
				69D228BE2262D56400070D86 /* JHAppStoreDescriptionLabel.swift */,
				69D228BF2262D56400070D86 /* JHStatDisplayLabel.swift */,
			);
			path = Labels;
			sourceTree = "<group>";
		};
		69F949072262C6830042F2E5 /* Segues */ = {
			isa = PBXGroup;
			children = (
				69D228BC2262D55100070D86 /* JHSegueFromLeft.swift */,
			);
			path = Segues;
			sourceTree = "<group>";
		};
		69F949082262C7130042F2E5 /* Buttons */ = {
			isa = PBXGroup;
			children = (
				69D228B92262D54800070D86 /* JHAppStoreButton.swift */,
				69D228B82262D54800070D86 /* JHEllipseButton.swift */,
			);
			path = Buttons;
			sourceTree = "<group>";
		};
		69FF269B22628D30003D68AC = {
			isa = PBXGroup;
			children = (
				69FF26A722628D30003D68AC /* JHTools */,
				69FF26B222628D30003D68AC /* JHToolsTests */,
				69FF26A622628D30003D68AC /* Products */,
			);
			sourceTree = "<group>";
		};
		69FF26A622628D30003D68AC /* Products */ = {
			isa = PBXGroup;
			children = (
				69FF26A522628D30003D68AC /* JHTools.framework */,
				69FF26AE22628D30003D68AC /* JHToolsTests.xctest */,
			);
			name = Products;
			sourceTree = "<group>";
		};
		69FF26A722628D30003D68AC /* JHTools */ = {
			isa = PBXGroup;
			children = (
				69D228CB2262D8DB00070D86 /* Enums */,
				69D228C42262D73300070D86 /* Extensions */,
				69F949082262C7130042F2E5 /* Buttons */,
				69F949072262C6830042F2E5 /* Segues */,
				69F949062262C5490042F2E5 /* Labels */,
				6959A5252262C13E0052A498 /* TableViewCells */,
				693D01802262BC4F00F410FB /* Structs */,
				69FF26A822628D30003D68AC /* JHTools.h */,
				69FF26A922628D30003D68AC /* Info.plist */,
			);
			path = JHTools;
			sourceTree = "<group>";
		};
		69FF26B222628D30003D68AC /* JHToolsTests */ = {
			isa = PBXGroup;
			children = (
				69FF26B322628D30003D68AC /* JHToolsTests.swift */,
				69FF26B522628D30003D68AC /* Info.plist */,
			);
			path = JHToolsTests;
			sourceTree = "<group>";
		};
/* End PBXGroup section */

/* Begin PBXHeadersBuildPhase section */
		69FF26A022628D30003D68AC /* Headers */ = {
			isa = PBXHeadersBuildPhase;
			buildActionMask = 2147483647;
			files = (
				69FF26B622628D30003D68AC /* JHTools.h in Headers */,
			);
			runOnlyForDeploymentPostprocessing = 0;
		};
/* End PBXHeadersBuildPhase section */

/* Begin PBXNativeTarget section */
		69FF26A422628D30003D68AC /* JHTools */ = {
			isa = PBXNativeTarget;
			buildConfigurationList = 69FF26B922628D30003D68AC /* Build configuration list for PBXNativeTarget "JHTools" */;
			buildPhases = (
				69FF26A022628D30003D68AC /* Headers */,
				69FF26A122628D30003D68AC /* Sources */,
				69FF26A222628D30003D68AC /* Frameworks */,
				69FF26A322628D30003D68AC /* Resources */,
			);
			buildRules = (
			);
			dependencies = (
			);
			name = JHTools;
			productName = JHTools;
			productReference = 69FF26A522628D30003D68AC /* JHTools.framework */;
			productType = "com.apple.product-type.framework";
		};
		69FF26AD22628D30003D68AC /* JHToolsTests */ = {
			isa = PBXNativeTarget;
			buildConfigurationList = 69FF26BC22628D30003D68AC /* Build configuration list for PBXNativeTarget "JHToolsTests" */;
			buildPhases = (
				69FF26AA22628D30003D68AC /* Sources */,
				69FF26AB22628D30003D68AC /* Frameworks */,
				69FF26AC22628D30003D68AC /* Resources */,
			);
			buildRules = (
			);
			dependencies = (
				69FF26B122628D30003D68AC /* PBXTargetDependency */,
			);
			name = JHToolsTests;
			productName = JHToolsTests;
			productReference = 69FF26AE22628D30003D68AC /* JHToolsTests.xctest */;
			productType = "com.apple.product-type.bundle.unit-test";
		};
/* End PBXNativeTarget section */

/* Begin PBXProject section */
		69FF269C22628D30003D68AC /* Project object */ = {
			isa = PBXProject;
			attributes = {
				LastSwiftUpdateCheck = 1020;
				LastUpgradeCheck = 1020;
				ORGANIZATIONNAME = "Joe Holt";
				TargetAttributes = {
					69FF26A422628D30003D68AC = {
						CreatedOnToolsVersion = 10.2;
						LastSwiftMigration = 1020;
					};
					69FF26AD22628D30003D68AC = {
						CreatedOnToolsVersion = 10.2;
					};
				};
			};
			buildConfigurationList = 69FF269F22628D30003D68AC /* Build configuration list for PBXProject "JHTools" */;
			compatibilityVersion = "Xcode 9.3";
			developmentRegion = en;
			hasScannedForEncodings = 0;
			knownRegions = (
				en,
			);
			mainGroup = 69FF269B22628D30003D68AC;
			productRefGroup = 69FF26A622628D30003D68AC /* Products */;
			projectDirPath = "";
			projectRoot = "";
			targets = (
				69FF26A422628D30003D68AC /* JHTools */,
				69FF26AD22628D30003D68AC /* JHToolsTests */,
			);
		};
/* End PBXProject section */

/* Begin PBXResourcesBuildPhase section */
		69FF26A322628D30003D68AC /* Resources */ = {
			isa = PBXResourcesBuildPhase;
			buildActionMask = 2147483647;
			files = (
			);
			runOnlyForDeploymentPostprocessing = 0;
		};
		69FF26AC22628D30003D68AC /* Resources */ = {
			isa = PBXResourcesBuildPhase;
			buildActionMask = 2147483647;
			files = (
			);
			runOnlyForDeploymentPostprocessing = 0;
		};
/* End PBXResourcesBuildPhase section */

/* Begin PBXSourcesBuildPhase section */
		69FF26A122628D30003D68AC /* Sources */ = {
			isa = PBXSourcesBuildPhase;
			buildActionMask = 2147483647;
			files = (
				69F949032262C2300042F2E5 /* JHTableViewCellConstants.swift in Sources */,
				6959A5362262C1690052A498 /* JHSettingBoolCell.swift in Sources */,
				6959A5392262C1690052A498 /* JHLinkCell.swift in Sources */,
				69D228C92262D83700070D86 /* NSMutableAttributedStringExtension.swift in Sources */,
				6959A53D2262C1690052A498 /* JHExpandableSubCell.swift in Sources */,
				6959A53E2262C1690052A498 /* JHSmallImageCell.swift in Sources */,
				6959A5422262C1690052A498 /* JHLargeIconCell.swift in Sources */,
				693D01842262BC8100F410FB /* JHAppIcon.swift in Sources */,
				69D228C12262D56400070D86 /* JHStatDisplayLabel.swift in Sources */,
				6959A5442262C1690052A498 /* JHSpacerCell.swift in Sources */,
				69D228BA2262D54800070D86 /* JHEllipseButton.swift in Sources */,
				6959A53C2262C1690052A498 /* JHInformationDisplayCell.swift in Sources */,
				69D228C62262D75800070D86 /* UIColorExtension.swift in Sources */,
				6959A5382262C1690052A498 /* JHParagraphCell.swift in Sources */,
				6959A5372262C1690052A498 /* JHExpandableHeaderCell.swift in Sources */,
				6959A53F2262C1690052A498 /* JHStatisticsCollectionCell.swift in Sources */,
				6959A5412262C1690052A498 /* JHHeaderSubHeaderCell.swift in Sources */,
				69F7AA732262DD43001048E2 /* JHSubtitleDetailCell.swift in Sources */,
				69D228BB2262D54800070D86 /* JHAppStoreButton.swift in Sources */,
				69D228C02262D56400070D86 /* JHAppStoreDescriptionLabel.swift in Sources */,
				69D228BD2262D55100070D86 /* JHSegueFromLeft.swift in Sources */,
				6959A5402262C1690052A498 /* JHExapandableInformationDisplayCell.swift in Sources */,
				69D228CD2262D8EA00070D86 /* JHBackgroundType.swift in Sources */,
				6959A53A2262C1690052A498 /* JHActionCell.swift in Sources */,
				6959A5432262C1690052A498 /* JHSaveElipsisButtonCell.swift in Sources */,
				6959A5452262C1690052A498 /* JHTitleCell.swift in Sources */,
				69D228CA2262D83700070D86 /* StringExtension.swift in Sources */,
				6959A53B2262C1690052A498 /* JHSeperatorCell.swift in Sources */,
			);
			runOnlyForDeploymentPostprocessing = 0;
		};
		69FF26AA22628D30003D68AC /* Sources */ = {
			isa = PBXSourcesBuildPhase;
			buildActionMask = 2147483647;
			files = (
				69FF26B422628D30003D68AC /* JHToolsTests.swift in Sources */,
			);
			runOnlyForDeploymentPostprocessing = 0;
		};
/* End PBXSourcesBuildPhase section */

/* Begin PBXTargetDependency section */
		69FF26B122628D30003D68AC /* PBXTargetDependency */ = {
			isa = PBXTargetDependency;
			target = 69FF26A422628D30003D68AC /* JHTools */;
			targetProxy = 69FF26B022628D30003D68AC /* PBXContainerItemProxy */;
		};
/* End PBXTargetDependency section */

/* Begin XCBuildConfiguration section */
		69FF26B722628D30003D68AC /* Debug */ = {
			isa = XCBuildConfiguration;
			buildSettings = {
				ALWAYS_SEARCH_USER_PATHS = NO;
				CLANG_ANALYZER_NONNULL = YES;
				CLANG_ANALYZER_NUMBER_OBJECT_CONVERSION = YES_AGGRESSIVE;
				CLANG_CXX_LANGUAGE_STANDARD = "gnu++14";
				CLANG_CXX_LIBRARY = "libc++";
				CLANG_ENABLE_MODULES = YES;
				CLANG_ENABLE_OBJC_ARC = YES;
				CLANG_ENABLE_OBJC_WEAK = YES;
				CLANG_WARN_BLOCK_CAPTURE_AUTORELEASING = YES;
				CLANG_WARN_BOOL_CONVERSION = YES;
				CLANG_WARN_COMMA = YES;
				CLANG_WARN_CONSTANT_CONVERSION = YES;
				CLANG_WARN_DEPRECATED_OBJC_IMPLEMENTATIONS = YES;
				CLANG_WARN_DIRECT_OBJC_ISA_USAGE = YES_ERROR;
				CLANG_WARN_DOCUMENTATION_COMMENTS = YES;
				CLANG_WARN_EMPTY_BODY = YES;
				CLANG_WARN_ENUM_CONVERSION = YES;
				CLANG_WARN_INFINITE_RECURSION = YES;
				CLANG_WARN_INT_CONVERSION = YES;
				CLANG_WARN_NON_LITERAL_NULL_CONVERSION = YES;
				CLANG_WARN_OBJC_IMPLICIT_RETAIN_SELF = YES;
				CLANG_WARN_OBJC_LITERAL_CONVERSION = YES;
				CLANG_WARN_OBJC_ROOT_CLASS = YES_ERROR;
				CLANG_WARN_RANGE_LOOP_ANALYSIS = YES;
				CLANG_WARN_STRICT_PROTOTYPES = YES;
				CLANG_WARN_SUSPICIOUS_MOVE = YES;
				CLANG_WARN_UNGUARDED_AVAILABILITY = YES_AGGRESSIVE;
				CLANG_WARN_UNREACHABLE_CODE = YES;
				CLANG_WARN__DUPLICATE_METHOD_MATCH = YES;
				CODE_SIGN_IDENTITY = "iPhone Developer";
				COPY_PHASE_STRIP = NO;
				CURRENT_PROJECT_VERSION = 1;
				DEBUG_INFORMATION_FORMAT = dwarf;
				ENABLE_STRICT_OBJC_MSGSEND = YES;
				ENABLE_TESTABILITY = YES;
				GCC_C_LANGUAGE_STANDARD = gnu11;
				GCC_DYNAMIC_NO_PIC = NO;
				GCC_NO_COMMON_BLOCKS = YES;
				GCC_OPTIMIZATION_LEVEL = 0;
				GCC_PREPROCESSOR_DEFINITIONS = (
					"DEBUG=1",
					"$(inherited)",
				);
				GCC_WARN_64_TO_32_BIT_CONVERSION = YES;
				GCC_WARN_ABOUT_RETURN_TYPE = YES_ERROR;
				GCC_WARN_UNDECLARED_SELECTOR = YES;
				GCC_WARN_UNINITIALIZED_AUTOS = YES_AGGRESSIVE;
				GCC_WARN_UNUSED_FUNCTION = YES;
				GCC_WARN_UNUSED_VARIABLE = YES;
				IPHONEOS_DEPLOYMENT_TARGET = 12.2;
				MTL_ENABLE_DEBUG_INFO = INCLUDE_SOURCE;
				MTL_FAST_MATH = YES;
				ONLY_ACTIVE_ARCH = YES;
				SDKROOT = iphoneos;
				SWIFT_ACTIVE_COMPILATION_CONDITIONS = DEBUG;
				SWIFT_OPTIMIZATION_LEVEL = "-Onone";
				VERSIONING_SYSTEM = "apple-generic";
				VERSION_INFO_PREFIX = "";
			};
			name = Debug;
		};
		69FF26B822628D30003D68AC /* Release */ = {
			isa = XCBuildConfiguration;
			buildSettings = {
				ALWAYS_SEARCH_USER_PATHS = NO;
				CLANG_ANALYZER_NONNULL = YES;
				CLANG_ANALYZER_NUMBER_OBJECT_CONVERSION = YES_AGGRESSIVE;
				CLANG_CXX_LANGUAGE_STANDARD = "gnu++14";
				CLANG_CXX_LIBRARY = "libc++";
				CLANG_ENABLE_MODULES = YES;
				CLANG_ENABLE_OBJC_ARC = YES;
				CLANG_ENABLE_OBJC_WEAK = YES;
				CLANG_WARN_BLOCK_CAPTURE_AUTORELEASING = YES;
				CLANG_WARN_BOOL_CONVERSION = YES;
				CLANG_WARN_COMMA = YES;
				CLANG_WARN_CONSTANT_CONVERSION = YES;
				CLANG_WARN_DEPRECATED_OBJC_IMPLEMENTATIONS = YES;
				CLANG_WARN_DIRECT_OBJC_ISA_USAGE = YES_ERROR;
				CLANG_WARN_DOCUMENTATION_COMMENTS = YES;
				CLANG_WARN_EMPTY_BODY = YES;
				CLANG_WARN_ENUM_CONVERSION = YES;
				CLANG_WARN_INFINITE_RECURSION = YES;
				CLANG_WARN_INT_CONVERSION = YES;
				CLANG_WARN_NON_LITERAL_NULL_CONVERSION = YES;
				CLANG_WARN_OBJC_IMPLICIT_RETAIN_SELF = YES;
				CLANG_WARN_OBJC_LITERAL_CONVERSION = YES;
				CLANG_WARN_OBJC_ROOT_CLASS = YES_ERROR;
				CLANG_WARN_RANGE_LOOP_ANALYSIS = YES;
				CLANG_WARN_STRICT_PROTOTYPES = YES;
				CLANG_WARN_SUSPICIOUS_MOVE = YES;
				CLANG_WARN_UNGUARDED_AVAILABILITY = YES_AGGRESSIVE;
				CLANG_WARN_UNREACHABLE_CODE = YES;
				CLANG_WARN__DUPLICATE_METHOD_MATCH = YES;
				CODE_SIGN_IDENTITY = "iPhone Developer";
				COPY_PHASE_STRIP = NO;
				CURRENT_PROJECT_VERSION = 1;
				DEBUG_INFORMATION_FORMAT = "dwarf-with-dsym";
				ENABLE_NS_ASSERTIONS = NO;
				ENABLE_STRICT_OBJC_MSGSEND = YES;
				GCC_C_LANGUAGE_STANDARD = gnu11;
				GCC_NO_COMMON_BLOCKS = YES;
				GCC_WARN_64_TO_32_BIT_CONVERSION = YES;
				GCC_WARN_ABOUT_RETURN_TYPE = YES_ERROR;
				GCC_WARN_UNDECLARED_SELECTOR = YES;
				GCC_WARN_UNINITIALIZED_AUTOS = YES_AGGRESSIVE;
				GCC_WARN_UNUSED_FUNCTION = YES;
				GCC_WARN_UNUSED_VARIABLE = YES;
				IPHONEOS_DEPLOYMENT_TARGET = 12.2;
				MTL_ENABLE_DEBUG_INFO = NO;
				MTL_FAST_MATH = YES;
				SDKROOT = iphoneos;
				SWIFT_COMPILATION_MODE = wholemodule;
				SWIFT_OPTIMIZATION_LEVEL = "-O";
				VALIDATE_PRODUCT = YES;
				VERSIONING_SYSTEM = "apple-generic";
				VERSION_INFO_PREFIX = "";
			};
			name = Release;
		};
		69FF26BA22628D30003D68AC /* Debug */ = {
			isa = XCBuildConfiguration;
			buildSettings = {
				CLANG_ENABLE_MODULES = YES;
				CODE_SIGN_IDENTITY = "";
				CODE_SIGN_STYLE = Automatic;
				DEFINES_MODULE = YES;
				DEVELOPMENT_TEAM = G89T23PT2Q;
				DYLIB_COMPATIBILITY_VERSION = 1;
				DYLIB_CURRENT_VERSION = 1;
				DYLIB_INSTALL_NAME_BASE = "@rpath";
				INFOPLIST_FILE = JHTools/Info.plist;
				INSTALL_PATH = "$(LOCAL_LIBRARY_DIR)/Frameworks";
				IPHONEOS_DEPLOYMENT_TARGET = 12.0;
				LD_RUNPATH_SEARCH_PATHS = (
					"$(inherited)",
					"@executable_path/Frameworks",
					"@loader_path/Frameworks",
				);
				PRODUCT_BUNDLE_IDENTIFIER = com.JoeHolt.JHTools;
				PRODUCT_NAME = "$(TARGET_NAME:c99extidentifier)";
				SKIP_INSTALL = YES;
				SWIFT_OPTIMIZATION_LEVEL = "-Onone";
				SWIFT_VERSION = 5.0;
				TARGETED_DEVICE_FAMILY = "1,2";
			};
			name = Debug;
		};
		69FF26BB22628D30003D68AC /* Release */ = {
			isa = XCBuildConfiguration;
			buildSettings = {
				CLANG_ENABLE_MODULES = YES;
				CODE_SIGN_IDENTITY = "";
				CODE_SIGN_STYLE = Automatic;
				DEFINES_MODULE = YES;
				DEVELOPMENT_TEAM = G89T23PT2Q;
				DYLIB_COMPATIBILITY_VERSION = 1;
				DYLIB_CURRENT_VERSION = 1;
				DYLIB_INSTALL_NAME_BASE = "@rpath";
				INFOPLIST_FILE = JHTools/Info.plist;
				INSTALL_PATH = "$(LOCAL_LIBRARY_DIR)/Frameworks";
				IPHONEOS_DEPLOYMENT_TARGET = 12.0;
				LD_RUNPATH_SEARCH_PATHS = (
					"$(inherited)",
					"@executable_path/Frameworks",
					"@loader_path/Frameworks",
				);
				PRODUCT_BUNDLE_IDENTIFIER = com.JoeHolt.JHTools;
				PRODUCT_NAME = "$(TARGET_NAME:c99extidentifier)";
				SKIP_INSTALL = YES;
				SWIFT_VERSION = 5.0;
				TARGETED_DEVICE_FAMILY = "1,2";
			};
			name = Release;
		};
		69FF26BD22628D30003D68AC /* Debug */ = {
			isa = XCBuildConfiguration;
			buildSettings = {
				ALWAYS_EMBED_SWIFT_STANDARD_LIBRARIES = YES;
				CODE_SIGN_STYLE = Automatic;
				DEVELOPMENT_TEAM = G89T23PT2Q;
				INFOPLIST_FILE = JHToolsTests/Info.plist;
				LD_RUNPATH_SEARCH_PATHS = (
					"$(inherited)",
					"@executable_path/Frameworks",
					"@loader_path/Frameworks",
				);
				PRODUCT_BUNDLE_IDENTIFIER = com.JoeHolt.JHToolsTests;
				PRODUCT_NAME = "$(TARGET_NAME)";
				SWIFT_VERSION = 5.0;
				TARGETED_DEVICE_FAMILY = "1,2";
			};
			name = Debug;
		};
		69FF26BE22628D30003D68AC /* Release */ = {
			isa = XCBuildConfiguration;
			buildSettings = {
				ALWAYS_EMBED_SWIFT_STANDARD_LIBRARIES = YES;
				CODE_SIGN_STYLE = Automatic;
				DEVELOPMENT_TEAM = G89T23PT2Q;
				INFOPLIST_FILE = JHToolsTests/Info.plist;
				LD_RUNPATH_SEARCH_PATHS = (
					"$(inherited)",
					"@executable_path/Frameworks",
					"@loader_path/Frameworks",
				);
				PRODUCT_BUNDLE_IDENTIFIER = com.JoeHolt.JHToolsTests;
				PRODUCT_NAME = "$(TARGET_NAME)";
				SWIFT_VERSION = 5.0;
				TARGETED_DEVICE_FAMILY = "1,2";
			};
			name = Release;
		};
/* End XCBuildConfiguration section */

/* Begin XCConfigurationList section */
		69FF269F22628D30003D68AC /* Build configuration list for PBXProject "JHTools" */ = {
			isa = XCConfigurationList;
			buildConfigurations = (
				69FF26B722628D30003D68AC /* Debug */,
				69FF26B822628D30003D68AC /* Release */,
			);
			defaultConfigurationIsVisible = 0;
			defaultConfigurationName = Release;
		};
		69FF26B922628D30003D68AC /* Build configuration list for PBXNativeTarget "JHTools" */ = {
			isa = XCConfigurationList;
			buildConfigurations = (
				69FF26BA22628D30003D68AC /* Debug */,
				69FF26BB22628D30003D68AC /* Release */,
			);
			defaultConfigurationIsVisible = 0;
			defaultConfigurationName = Release;
		};
		69FF26BC22628D30003D68AC /* Build configuration list for PBXNativeTarget "JHToolsTests" */ = {
			isa = XCConfigurationList;
			buildConfigurations = (
				69FF26BD22628D30003D68AC /* Debug */,
				69FF26BE22628D30003D68AC /* Release */,
			);
			defaultConfigurationIsVisible = 0;
			defaultConfigurationName = Release;
		};
/* End XCConfigurationList section */
	};
	rootObject = 69FF269C22628D30003D68AC /* Project object */;
}
